
Microsoft Visual Studio Solution File, Format Version 12.00
# Visual Studio Version 17
VisualStudioVersion = 17.5.33424.131
MinimumVisualStudioVersion = 10.0.40219.1
Project("{888888A0-9F3D-457C-B088-3A5042F75D52}") = "Day 5", "Day 5\Day 5.pyproj", "{F0355816-9E2D-4DB4-82D9-6F8E28CFA2AD}"
EndProject
Global
	GlobalSection(SolutionConfigurationPlatforms) = preSolution
		Debug|Any CPU = Debug|Any CPU
		Release|Any CPU = Release|Any CPU
	EndGlobalSection
	GlobalSection(ProjectConfigurationPlatforms) = postSolution
		{F0355816-9E2D-4DB4-82D9-6F8E28CFA2AD}.Debug|Any CPU.ActiveCfg = Debug|Any CPU
		{F0355816-9E2D-4DB4-82D9-6F8E28CFA2AD}.Release|Any CPU.ActiveCfg = Release|Any CPU
	EndGlobalSection
	GlobalSection(SolutionProperties) = preSolution
		HideSolutionNode = FALSE
	EndGlobalSection
	GlobalSection(ExtensibilityGlobals) = postSolution
		SolutionGuid = {13DB6C30-B120-4F30-B207-ECF5C104E48B}
	EndGlobalSection
EndGlobal
